// !$*UTF8*$!
{
	archiveVersion = 1;
	classes = {
	};
	objectVersion = 50;
	objects = {

/* Begin PBXBuildFile section */
		AF75354926DE2A3A00495BFF /* AppDelegate.swift in Sources */ = {isa = PBXBuildFile; fileRef = AF75354826DE2A3A00495BFF /* AppDelegate.swift */; };
		AF75354B26DE2A3A00495BFF /* SceneDelegate.swift in Sources */ = {isa = PBXBuildFile; fileRef = AF75354A26DE2A3A00495BFF /* SceneDelegate.swift */; };
		AF75354D26DE2A3A00495BFF /* ContentView.swift in Sources */ = {isa = PBXBuildFile; fileRef = AF75354C26DE2A3A00495BFF /* ContentView.swift */; };
		AF75354F26DE2A4000495BFF /* Assets.xcassets in Resources */ = {isa = PBXBuildFile; fileRef = AF75354E26DE2A4000495BFF /* Assets.xcassets */; };
		AF75355226DE2A4000495BFF /* Preview Assets.xcassets in Resources */ = {isa = PBXBuildFile; fileRef = AF75355126DE2A4000495BFF /* Preview Assets.xcassets */; };
		AF75355526DE2A4000495BFF /* LaunchScreen.storyboard in Resources */ = {isa = PBXBuildFile; fileRef = AF75355326DE2A4000495BFF /* LaunchScreen.storyboard */; };
		AF75355D26DE2F0800495BFF /* CircleImage.swift in Sources */ = {isa = PBXBuildFile; fileRef = AF75355C26DE2F0800495BFF /* CircleImage.swift */; };
		AF75356126DE311F00495BFF /* MapView.swift in Sources */ = {isa = PBXBuildFile; fileRef = AF75356026DE311F00495BFF /* MapView.swift */; };
/* End PBXBuildFile section */

/* Begin PBXFileReference section */
		AF75354526DE2A3A00495BFF /* UITestLandMark.app */ = {isa = PBXFileReference; explicitFileType = wrapper.application; includeInIndex = 0; path = UITestLandMark.app; sourceTree = BUILT_PRODUCTS_DIR; };
		AF75354826DE2A3A00495BFF /* AppDelegate.swift */ = {isa = PBXFileReference; lastKnownFileType = sourcecode.swift; path = AppDelegate.swift; sourceTree = "<group>"; };
		AF75354A26DE2A3A00495BFF /* SceneDelegate.swift */ = {isa = PBXFileReference; lastKnownFileType = sourcecode.swift; path = SceneDelegate.swift; sourceTree = "<group>"; };
		AF75354C26DE2A3A00495BFF /* ContentView.swift */ = {isa = PBXFileReference; lastKnownFileType = sourcecode.swift; path = ContentView.swift; sourceTree = "<group>"; };
		AF75354E26DE2A4000495BFF /* Assets.xcassets */ = {isa = PBXFileReference; lastKnownFileType = folder.assetcatalog; path = Assets.xcassets; sourceTree = "<group>"; };
		AF75355126DE2A4000495BFF /* Preview Assets.xcassets */ = {isa = PBXFileReference; lastKnownFileType = folder.assetcatalog; path = "Preview Assets.xcassets"; sourceTree = "<group>"; };
		AF75355426DE2A4000495BFF /* Base */ = {isa = PBXFileReference; lastKnownFileType = file.storyboard; name = Base; path = Base.lproj/LaunchScreen.storyboard; sourceTree = "<group>"; };
		AF75355626DE2A4000495BFF /* Info.plist */ = {isa = PBXFileReference; lastKnownFileType = text.plist.xml; path = Info.plist; sourceTree = "<group>"; };
		AF75355C26DE2F0800495BFF /* CircleImage.swift */ = {isa = PBXFileReference; lastKnownFileType = sourcecode.swift; path = CircleImage.swift; sourceTree = "<group>"; };
		AF75356026DE311F00495BFF /* MapView.swift */ = {isa = PBXFileReference; lastKnownFileType = sourcecode.swift; path = MapView.swift; sourceTree = "<group>"; };
/* End PBXFileReference section */

/* Begin PBXFrameworksBuildPhase section */
		AF75354226DE2A3A00495BFF /* Frameworks */ = {
			isa = PBXFrameworksBuildPhase;
			buildActionMask = 2147483647;
			files = (
			);
			runOnlyForDeploymentPostprocessing = 0;
		};
/* End PBXFrameworksBuildPhase section */

/* Begin PBXGroup section */
		AF75353C26DE2A3900495BFF = {
			isa = PBXGroup;
			children = (
				AF75354726DE2A3A00495BFF /* UITestLandMark */,
				AF75354626DE2A3A00495BFF /* Products */,
			);
			sourceTree = "<group>";
		};
		AF75354626DE2A3A00495BFF /* Products */ = {
			isa = PBXGroup;
			children = (
				AF75354526DE2A3A00495BFF /* UITestLandMark.app */,
			);
			name = Products;
			sourceTree = "<group>";
		};
		AF75354726DE2A3A00495BFF /* UITestLandMark */ = {
			isa = PBXGroup;
			children = (
				AF75354826DE2A3A00495BFF /* AppDelegate.swift */,
				AF75354A26DE2A3A00495BFF /* SceneDelegate.swift */,
				AF75354C26DE2A3A00495BFF /* ContentView.swift */,
				AF75354E26DE2A4000495BFF /* Assets.xcassets */,
				AF75355326DE2A4000495BFF /* LaunchScreen.storyboard */,
				AF75355626DE2A4000495BFF /* Info.plist */,
				AF75355026DE2A4000495BFF /* Preview Content */,
				AF75355C26DE2F0800495BFF /* CircleImage.swift */,
				AF75356026DE311F00495BFF /* MapView.swift */,
			);
			path = UITestLandMark;
			sourceTree = "<group>";
		};
		AF75355026DE2A4000495BFF /* Preview Content */ = {
			isa = PBXGroup;
			children = (
				AF75355126DE2A4000495BFF /* Preview Assets.xcassets */,
			);
			path = "Preview Content";
			sourceTree = "<group>";
		};
/* End PBXGroup section */

/* Begin PBXNativeTarget section */
		AF75354426DE2A3A00495BFF /* UITestLandMark */ = {
			isa = PBXNativeTarget;
			buildConfigurationList = AF75355926DE2A4000495BFF /* Build configuration list for PBXNativeTarget "UITestLandMark" */;
			buildPhases = (
				AF75354126DE2A3A00495BFF /* Sources */,
				AF75354226DE2A3A00495BFF /* Frameworks */,
				AF75354326DE2A3A00495BFF /* Resources */,
			);
			buildRules = (
			);
			dependencies = (
			);
			name = UITestLandMark;
			productName = UITestLandMark;
			productReference = AF75354526DE2A3A00495BFF /* UITestLandMark.app */;
			productType = "com.apple.product-type.application";
		};
/* End PBXNativeTarget section */

/* Begin PBXProject section */
		AF75353D26DE2A3A00495BFF /* Project object */ = {
			isa = PBXProject;
			attributes = {
				LastSwiftUpdateCheck = 1250;
				LastUpgradeCheck = 1250;
				TargetAttributes = {
					AF75354426DE2A3A00495BFF = {
						CreatedOnToolsVersion = 12.5;
					};
				};
			};
			buildConfigurationList = AF75354026DE2A3A00495BFF /* Build configuration list for PBXProject "UITestLandMark" */;
			compatibilityVersion = "Xcode 9.3";
			developmentRegion = en;
			hasScannedForEncodings = 0;
			knownRegions = (
				en,
				Base,
			);
			mainGroup = AF75353C26DE2A3900495BFF;
			productRefGroup = AF75354626DE2A3A00495BFF /* Products */;
			projectDirPath = "";
			projectRoot = "";
			targets = (
				AF75354426DE2A3A00495BFF /* UITestLandMark */,
			);
		};
/* End PBXProject section */

/* Begin PBXResourcesBuildPhase section */
		AF75354326DE2A3A00495BFF /* Resources */ = {
			isa = PBXResourcesBuildPhase;
			buildActionMask = 2147483647;
			files = (
				AF75355526DE2A4000495BFF /* LaunchScreen.storyboard in Resources */,
				AF75355226DE2A4000495BFF /* Preview Assets.xcassets in Resources */,
				AF75354F26DE2A4000495BFF /* Assets.xcassets in Resources */,
			);
			runOnlyForDeploymentPostprocessing = 0;
		};
/* End PBXResourcesBuildPhase section */

/* Begin PBXSourcesBuildPhase section */
		AF75354126DE2A3A00495BFF /* Sources */ = {
			isa = PBXSourcesBuildPhase;
			buildActionMask = 2147483647;
			files = (
				AF75354926DE2A3A00495BFF /* AppDelegate.swift in Sources */,
				AF75355D26DE2F0800495BFF /* CircleImage.swift in Sources */,
				AF75356126DE311F00495BFF /* MapView.swift in Sources */,
				AF75354B26DE2A3A00495BFF /* SceneDelegate.swift in Sources */,
				AF75354D26DE2A3A00495BFF /* ContentView.swift in Sources */,
			);
			runOnlyForDeploymentPostprocessing = 0;
		};
/* End PBXSourcesBuildPhase section */

/* Begin PBXVariantGroup section */
		AF75355326DE2A4000495BFF /* LaunchScreen.storyboard */ = {
			isa = PBXVariantGroup;
			children = (
				AF75355426DE2A4000495BFF /* Base */,
			);
			name = LaunchScreen.storyboard;
			sourceTree = "<group>";
		};
/* End PBXVariantGroup section */

/* Begin XCBuildConfiguration section */
		AF75355726DE2A4000495BFF /* Debug */ = {
			isa = XCBuildConfiguration;
			buildSettings = {
				ALWAYS_SEARCH_USER_PATHS = NO;
				CLANG_ANALYZER_NONNULL = YES;
				CLANG_ANALYZER_NUMBER_OBJECT_CONVERSION = YES_AGGRESSIVE;
				CLANG_CXX_LANGUAGE_STANDARD = "gnu++14";
				CLANG_CXX_LIBRARY = "libc++";
				CLANG_ENABLE_MODULES = YES;
				CLANG_ENABLE_OBJC_ARC = YES;
				CLANG_ENABLE_OBJC_WEAK = YES;
				CLANG_WARN_BLOCK_CAPTURE_AUTORELEASING = YES;
				CLANG_WARN_BOOL_CONVERSION = YES;
				CLANG_WARN_COMMA = YES;
				CLANG_WARN_CONSTANT_CONVERSION = YES;
				CLANG_WARN_DEPRECATED_OBJC_IMPLEMENTATIONS = YES;
				CLANG_WARN_DIRECT_OBJC_ISA_USAGE = YES_ERROR;
				CLANG_WARN_DOCUMENTATION_COMMENTS = YES;
				CLANG_WARN_EMPTY_BODY = YES;
				CLANG_WARN_ENUM_CONVERSION = YES;
				CLANG_WARN_INFINITE_RECURSION = YES;
				CLANG_WARN_INT_CONVERSION = YES;
				CLANG_WARN_NON_LITERAL_NULL_CONVERSION = YES;
				CLANG_WARN_OBJC_IMPLICIT_RETAIN_SELF = YES;
				CLANG_WARN_OBJC_LITERAL_CONVERSION = YES;
				CLANG_WARN_OBJC_ROOT_CLASS = YES_ERROR;
				CLANG_WARN_QUOTED_INCLUDE_IN_FRAMEWORK_HEADER = YES;
				CLANG_WARN_RANGE_LOOP_ANALYSIS = YES;
				CLANG_WARN_STRICT_PROTOTYPES = YES;
				CLANG_WARN_SUSPICIOUS_MOVE = YES;
				CLANG_WARN_UNGUARDED_AVAILABILITY = YES_AGGRESSIVE;
				CLANG_WARN_UNREACHABLE_CODE = YES;
				CLANG_WARN__DUPLICATE_METHOD_MATCH = YES;
				COPY_PHASE_STRIP = NO;
				DEBUG_INFORMATION_FORMAT = dwarf;
				ENABLE_STRICT_OBJC_MSGSEND = YES;
				ENABLE_TESTABILITY = YES;
				GCC_C_LANGUAGE_STANDARD = gnu11;
				GCC_DYNAMIC_NO_PIC = NO;
				GCC_NO_COMMON_BLOCKS = YES;
				GCC_OPTIMIZATION_LEVEL = 0;
				GCC_PREPROCESSOR_DEFINITIONS = (
					"DEBUG=1",
					"$(inherited)",
				);
				GCC_WARN_64_TO_32_BIT_CONVERSION = YES;
				GCC_WARN_ABOUT_RETURN_TYPE = YES_ERROR;
				GCC_WARN_UNDECLARED_SELECTOR = YES;
				GCC_WARN_UNINITIALIZED_AUTOS = YES_AGGRESSIVE;
				GCC_WARN_UNUSED_FUNCTION = YES;
				GCC_WARN_UNUSED_VARIABLE = YES;
				IPHONEOS_DEPLOYMENT_TARGET = 14.5;
				MTL_ENABLE_DEBUG_INFO = INCLUDE_SOURCE;
				MTL_FAST_MATH = YES;
				ONLY_ACTIVE_ARCH = YES;
				SDKROOT = iphoneos;
				SWIFT_ACTIVE_COMPILATION_CONDITIONS = DEBUG;
				SWIFT_OPTIMIZATION_LEVEL = "-Onone";
			};
			name = Debug;
		};
		AF75355826DE2A4000495BFF /* Release */ = {
			isa = XCBuildConfiguration;
			buildSettings = {
				ALWAYS_SEARCH_USER_PATHS = NO;
				CLANG_ANALYZER_NONNULL = YES;
				CLANG_ANALYZER_NUMBER_OBJECT_CONVERSION = YES_AGGRESSIVE;
				CLANG_CXX_LANGUAGE_STANDARD = "gnu++14";
				CLANG_CXX_LIBRARY = "libc++";
				CLANG_ENABLE_MODULES = YES;
				CLANG_ENABLE_OBJC_ARC = YES;
				CLANG_ENABLE_OBJC_WEAK = YES;
				CLANG_WARN_BLOCK_CAPTURE_AUTORELEASING = YES;
				CLANG_WARN_BOOL_CONVERSION = YES;
				CLANG_WARN_COMMA = YES;
				CLANG_WARN_CONSTANT_CONVERSION = YES;
				CLANG_WARN_DEPRECATED_OBJC_IMPLEMENTATIONS = YES;
				CLANG_WARN_DIRECT_OBJC_ISA_USAGE = YES_ERROR;
				CLANG_WARN_DOCUMENTATION_COMMENTS = YES;
				CLANG_WARN_EMPTY_BODY = YES;
				CLANG_WARN_ENUM_CONVERSION = YES;
				CLANG_WARN_INFINITE_RECURSION = YES;
				CLANG_WARN_INT_CONVERSION = YES;
				CLANG_WARN_NON_LITERAL_NULL_CONVERSION = YES;
				CLANG_WARN_OBJC_IMPLICIT_RETAIN_SELF = YES;
				CLANG_WARN_OBJC_LITERAL_CONVERSION = YES;
				CLANG_WARN_OBJC_ROOT_CLASS = YES_ERROR;
				CLANG_WARN_QUOTED_INCLUDE_IN_FRAMEWORK_HEADER = YES;
				CLANG_WARN_RANGE_LOOP_ANALYSIS = YES;
				CLANG_WARN_STRICT_PROTOTYPES = YES;
				CLANG_WARN_SUSPICIOUS_MOVE = YES;
				CLANG_WARN_UNGUARDED_AVAILABILITY = YES_AGGRESSIVE;
				CLANG_WARN_UNREACHABLE_CODE = YES;
				CLANG_WARN__DUPLICATE_METHOD_MATCH = YES;
				COPY_PHASE_STRIP = NO;
				DEBUG_INFORMATION_FORMAT = "dwarf-with-dsym";
				ENABLE_NS_ASSERTIONS = NO;
				ENABLE_STRICT_OBJC_MSGSEND = YES;
				GCC_C_LANGUAGE_STANDARD = gnu11;
				GCC_NO_COMMON_BLOCKS = YES;
				GCC_WARN_64_TO_32_BIT_CONVERSION = YES;
				GCC_WARN_ABOUT_RETURN_TYPE = YES_ERROR;
				GCC_WARN_UNDECLARED_SELECTOR = YES;
				GCC_WARN_UNINITIALIZED_AUTOS = YES_AGGRESSIVE;
				GCC_WARN_UNUSED_FUNCTION = YES;
				GCC_WARN_UNUSED_VARIABLE = YES;
				IPHONEOS_DEPLOYMENT_TARGET = 14.5;
				MTL_ENABLE_DEBUG_INFO = NO;
				MTL_FAST_MATH = YES;
				SDKROOT = iphoneos;
				SWIFT_COMPILATION_MODE = wholemodule;
				SWIFT_OPTIMIZATION_LEVEL = "-O";
				VALIDATE_PRODUCT = YES;
			};
			name = Release;
		};
		AF75355A26DE2A4000495BFF /* Debug */ = {
			isa = XCBuildConfiguration;
			buildSettings = {
				ASSETCATALOG_COMPILER_APPICON_NAME = AppIcon;
				ASSETCATALOG_COMPILER_GLOBAL_ACCENT_COLOR_NAME = AccentColor;
				CODE_SIGN_STYLE = Automatic;
				DEVELOPMENT_ASSET_PATHS = "\"UITestLandMark/Preview Content\"";
				DEVELOPMENT_TEAM = AZ32U8DR3B;
				ENABLE_PREVIEWS = YES;
				INFOPLIST_FILE = UITestLandMark/Info.plist;
				LD_RUNPATH_SEARCH_PATHS = (
					"$(inherited)",
					"@executable_path/Frameworks",
				);
				PRODUCT_BUNDLE_IDENTIFIER = com.niwi.UITestLandMark;
				PRODUCT_NAME = "$(TARGET_NAME)";
				SWIFT_VERSION = 5.0;
				TARGETED_DEVICE_FAMILY = "1,2";
			};
			name = Debug;
		};
		AF75355B26DE2A4000495BFF /* Release */ = {
			isa = XCBuildConfiguration;
			buildSettings = {
				ASSETCATALOG_COMPILER_APPICON_NAME = AppIcon;
				ASSETCATALOG_COMPILER_GLOBAL_ACCENT_COLOR_NAME = AccentColor;
				CODE_SIGN_STYLE = Automatic;
				DEVELOPMENT_ASSET_PATHS = "\"UITestLandMark/Preview Content\"";
				DEVELOPMENT_TEAM = AZ32U8DR3B;
				ENABLE_PREVIEWS = YES;
				INFOPLIST_FILE = UITestLandMark/Info.plist;
				LD_RUNPATH_SEARCH_PATHS = (
					"$(inherited)",
					"@executable_path/Frameworks",
				);
				PRODUCT_BUNDLE_IDENTIFIER = com.niwi.UITestLandMark;
				PRODUCT_NAME = "$(TARGET_NAME)";
				SWIFT_VERSION = 5.0;
				TARGETED_DEVICE_FAMILY = "1,2";
			};
			name = Release;
		};
/* End XCBuildConfiguration section */

/* Begin XCConfigurationList section */
		AF75354026DE2A3A00495BFF /* Build configuration list for PBXProject "UITestLandMark" */ = {
			isa = XCConfigurationList;
			buildConfigurations = (
				AF75355726DE2A4000495BFF /* Debug */,
				AF75355826DE2A4000495BFF /* Release */,
			);
			defaultConfigurationIsVisible = 0;
			defaultConfigurationName = Release;
		};
		AF75355926DE2A4000495BFF /* Build configuration list for PBXNativeTarget "UITestLandMark" */ = {
			isa = XCConfigurationList;
			buildConfigurations = (
				AF75355A26DE2A4000495BFF /* Debug */,
				AF75355B26DE2A4000495BFF /* Release */,
			);
			defaultConfigurationIsVisible = 0;
			defaultConfigurationName = Release;
		};
/* End XCConfigurationList section */
	};
	rootObject = AF75353D26DE2A3A00495BFF /* Project object */;
}
